
Microsoft Visual Studio Solution File, Format Version 12.00
# Visual Studio Version 16
VisualStudioVersion = 16.0.31605.320
MinimumVisualStudioVersion = 10.0.40219.1
Project("{FAE04EC0-301F-11D3-BF4B-00C04F79EFBC}") = "Sort_Algorithms", "Sort_Algorithms\Sort_Algorithms.csproj", "{CC95228D-1C65-48E6-B707-D788FADFB58C}"
EndProject
Global
	GlobalSection(SolutionConfigurationPlatforms) = preSolution
		Debug|Any CPU = Debug|Any CPU
		Release|Any CPU = Release|Any CPU
	EndGlobalSection
	GlobalSection(ProjectConfigurationPlatforms) = postSolution
		{CC95228D-1C65-48E6-B707-D788FADFB58C}.Debug|Any CPU.ActiveCfg = Debug|Any CPU
		{CC95228D-1C65-48E6-B707-D788FADFB58C}.Debug|Any CPU.Build.0 = Debug|Any CPU
		{CC95228D-1C65-48E6-B707-D788FADFB58C}.Release|Any CPU.ActiveCfg = Release|Any CPU
		{CC95228D-1C65-48E6-B707-D788FADFB58C}.Release|Any CPU.Build.0 = Release|Any CPU
	EndGlobalSection
	GlobalSection(SolutionProperties) = preSolution
		HideSolutionNode = FALSE
	EndGlobalSection
	GlobalSection(ExtensibilityGlobals) = postSolution
		SolutionGuid = {82ED48CF-A859-493F-9239-079676416379}
	EndGlobalSection
EndGlobal
